
Microsoft Visual Studio Solution File, Format Version 12.00
# Visual Studio Version 16
VisualStudioVersion = 16.0.31702.278
MinimumVisualStudioVersion = 10.0.40219.1
Project("{8BC9CEB8-8B4A-11D0-8D11-00A0C91BC942}") = "Crossy Road Game", "Crossy Road Game\Crossy Road Game.vcxproj", "{F724055A-7C5F-482E-8C6C-56A7C69C3A4E}"
EndProject
Global
	GlobalSection(SolutionConfigurationPlatforms) = preSolution
		Debug|x64 = Debug|x64
		Debug|x86 = Debug|x86
		Release|x64 = Release|x64
		Release|x86 = Release|x86
	EndGlobalSection
	GlobalSection(ProjectConfigurationPlatforms) = postSolution
		{F724055A-7C5F-482E-8C6C-56A7C69C3A4E}.Debug|x64.ActiveCfg = Debug|x64
		{F724055A-7C5F-482E-8C6C-56A7C69C3A4E}.Debug|x64.Build.0 = Debug|x64
		{F724055A-7C5F-482E-8C6C-56A7C69C3A4E}.Debug|x86.ActiveCfg = Debug|Win32
		{F724055A-7C5F-482E-8C6C-56A7C69C3A4E}.Debug|x86.Build.0 = Debug|Win32
		{F724055A-7C5F-482E-8C6C-56A7C69C3A4E}.Release|x64.ActiveCfg = Release|x64
		{F724055A-7C5F-482E-8C6C-56A7C69C3A4E}.Release|x64.Build.0 = Release|x64
		{F724055A-7C5F-482E-8C6C-56A7C69C3A4E}.Release|x86.ActiveCfg = Release|Win32
		{F724055A-7C5F-482E-8C6C-56A7C69C3A4E}.Release|x86.Build.0 = Release|Win32
	EndGlobalSection
	GlobalSection(SolutionProperties) = preSolution
		HideSolutionNode = FALSE
	EndGlobalSection
	GlobalSection(ExtensibilityGlobals) = postSolution
		SolutionGuid = {660E7100-CA8A-4366-B7CF-7222FD6F8EF0}
	EndGlobalSection
EndGlobal
